
Microsoft Visual Studio Solution File, Format Version 12.00
# Visual Studio 14
VisualStudioVersion = 14.0.23107.0
MinimumVisualStudioVersion = 10.0.40219.1
Project("{8BC9CEB8-8B4A-11D0-8D11-00A0C91BC942}") = "Ntfs", "Ntfs\Ntfs.vcxproj", "{90A192CF-DD8D-46F3-BD6A-229453F43C70}"
	ProjectSection(ProjectDependencies) = postProject
		{16090C6D-7B3B-452C-9065-78DAFE3CB0F5} = {16090C6D-7B3B-452C-9065-78DAFE3CB0F5}
		{2EF86AD9-EB28-4DE7-A5F8-3B4B2319DF23} = {2EF86AD9-EB28-4DE7-A5F8-3B4B2319DF23}
	EndProjectSection
EndProject
Project("{8BC9CEB8-8B4A-11D0-8D11-00A0C91BC942}") = "NtfsStructures", "ChangeJournal\ChangeJournal.vcxproj", "{16090C6D-7B3B-452C-9065-78DAFE3CB0F5}"
	ProjectSection(ProjectDependencies) = postProject
		{2EF86AD9-EB28-4DE7-A5F8-3B4B2319DF23} = {2EF86AD9-EB28-4DE7-A5F8-3B4B2319DF23}
	EndProjectSection
EndProject
Project("{8BC9CEB8-8B4A-11D0-8D11-00A0C91BC942}") = "Utils", "Utils\Utils.vcxproj", "{2EF86AD9-EB28-4DE7-A5F8-3B4B2319DF23}"
EndProject
Project("{2150E333-8FDC-42A3-9474-1A3956D46DE8}") = "Solution Items", "Solution Items", "{B5108D44-73DA-459C-B0A3-7EF5CF2656D6}"
	ProjectSection(SolutionItems) = preProject
		LICENSE.txt = LICENSE.txt
	EndProjectSection
EndProject
Global
	GlobalSection(SolutionConfigurationPlatforms) = preSolution
		Debug|Win32 = Debug|Win32
		Release|Win32 = Release|Win32
	EndGlobalSection
	GlobalSection(ProjectConfigurationPlatforms) = postSolution
		{90A192CF-DD8D-46F3-BD6A-229453F43C70}.Debug|Win32.ActiveCfg = Debug|Win32
		{90A192CF-DD8D-46F3-BD6A-229453F43C70}.Debug|Win32.Build.0 = Debug|Win32
		{90A192CF-DD8D-46F3-BD6A-229453F43C70}.Release|Win32.ActiveCfg = Release|Win32
		{90A192CF-DD8D-46F3-BD6A-229453F43C70}.Release|Win32.Build.0 = Release|Win32
		{16090C6D-7B3B-452C-9065-78DAFE3CB0F5}.Debug|Win32.ActiveCfg = Debug|Win32
		{16090C6D-7B3B-452C-9065-78DAFE3CB0F5}.Debug|Win32.Build.0 = Debug|Win32
		{16090C6D-7B3B-452C-9065-78DAFE3CB0F5}.Release|Win32.ActiveCfg = Release|Win32
		{16090C6D-7B3B-452C-9065-78DAFE3CB0F5}.Release|Win32.Build.0 = Release|Win32
		{2EF86AD9-EB28-4DE7-A5F8-3B4B2319DF23}.Debug|Win32.ActiveCfg = Debug|Win32
		{2EF86AD9-EB28-4DE7-A5F8-3B4B2319DF23}.Debug|Win32.Build.0 = Debug|Win32
		{2EF86AD9-EB28-4DE7-A5F8-3B4B2319DF23}.Release|Win32.ActiveCfg = Release|Win32
		{2EF86AD9-EB28-4DE7-A5F8-3B4B2319DF23}.Release|Win32.Build.0 = Release|Win32
	EndGlobalSection
	GlobalSection(SolutionProperties) = preSolution
		HideSolutionNode = FALSE
	EndGlobalSection
EndGlobal
